version = 1
revision = 2
requires-python = ">=3.12"

[[package]]
name = "composetest"
version = "0.1.0"
source = { virtual = "." }
dependencies = [
    { name = "prometheus-client" },
]

[package.metadata]
requires-dist = [{ name = "prometheus-client", specifier = ">=0.22.0" }]

[[package]]
name = "prometheus-client"
version = "0.22.0"
source = { registry = "https://pypi.org/simple" }
sdist = { url = "https://files.pythonhosted.org/packages/5b/5a/3fa1fa7e91a203759aaf316be394f70f2ef598d589b9785a8611b6094c00/prometheus_client-0.22.0.tar.gz", hash = "sha256:18da1d2241ac2d10c8d2110f13eedcd5c7c0c8af18c926e8731f04fc10cd575c", size = 74443, upload-time = "2025-05-16T20:50:18.333Z" }
wheels = [
    { url = "https://files.pythonhosted.org/packages/50/c7/cee159ba3d7192e84a4c166ec1752f44a5fa859ac0eeda2d73a1da65ab47/prometheus_client-0.22.0-py3-none-any.whl", hash = "sha256:c8951bbe64e62b96cd8e8f5d917279d1b9b91ab766793f33d4dce6c228558713", size = 62658, upload-time = "2025-05-16T20:50:16.978Z" },
]
